
Microsoft Visual Studio Solution File, Format Version 12.00
# Visual Studio Version 17
VisualStudioVersion = 17.14.36603.0 d17.14
MinimumVisualStudioVersion = 10.0.40219.1
Project("{FAE04EC0-301F-11D3-BF4B-00C04F79EFBC}") = "HRPlatform", "HRPlatform\HRPlatform.csproj", "{7B1DBC4D-5252-4FC4-BC46-3382B0687FDA}"
EndProject
Global
	GlobalSection(SolutionConfigurationPlatforms) = preSolution
		Debug|Any CPU = Debug|Any CPU
		Release|Any CPU = Release|Any CPU
	EndGlobalSection
	GlobalSection(ProjectConfigurationPlatforms) = postSolution
		{7B1DBC4D-5252-4FC4-BC46-3382B0687FDA}.Debug|Any CPU.ActiveCfg = Debug|Any CPU
		{7B1DBC4D-5252-4FC4-BC46-3382B0687FDA}.Debug|Any CPU.Build.0 = Debug|Any CPU
		{7B1DBC4D-5252-4FC4-BC46-3382B0687FDA}.Release|Any CPU.ActiveCfg = Release|Any CPU
		{7B1DBC4D-5252-4FC4-BC46-3382B0687FDA}.Release|Any CPU.Build.0 = Release|Any CPU
	EndGlobalSection
	GlobalSection(SolutionProperties) = preSolution
		HideSolutionNode = FALSE
	EndGlobalSection
	GlobalSection(ExtensibilityGlobals) = postSolution
		SolutionGuid = {4782B4E9-04D0-4912-9EA1-4DBA1108D85E}
	EndGlobalSection
EndGlobal
